
Microsoft Visual Studio Solution File, Format Version 12.00
# Visual Studio Version 17
VisualStudioVersion = 17.7.34221.43
MinimumVisualStudioVersion = 10.0.40219.1
Project("{9A19103F-16F7-4668-BE54-9A1E7A4F7556}") = "ArithmeticExecute", "src\IO.Swagger\ArithmeticExecute.csproj", "{84B6112E-C354-4580-9CCF-BAEF18786745}"
EndProject
Project("{9A19103F-16F7-4668-BE54-9A1E7A4F7556}") = "ArithmeticExecuteServices", "ArithmeticExecuteServices\ArithmeticExecuteServices.csproj", "{D60799AC-20B9-46F8-8E32-14286B3EAA60}"
EndProject
Project("{FAE04EC0-301F-11D3-BF4B-00C04F79EFBC}") = "ArithmeticExecute.Tests", "ArithmeticExecute.Tests\ArithmeticExecute.Tests.csproj", "{12BDD45E-AF5E-404F-91EC-C2479562D830}"
EndProject
Global
	GlobalSection(SolutionConfigurationPlatforms) = preSolution
		Debug|Any CPU = Debug|Any CPU
		Release|Any CPU = Release|Any CPU
	EndGlobalSection
	GlobalSection(ProjectConfigurationPlatforms) = postSolution
		{84B6112E-C354-4580-9CCF-BAEF18786745}.Debug|Any CPU.ActiveCfg = Debug|Any CPU
		{84B6112E-C354-4580-9CCF-BAEF18786745}.Debug|Any CPU.Build.0 = Debug|Any CPU
		{84B6112E-C354-4580-9CCF-BAEF18786745}.Release|Any CPU.ActiveCfg = Release|Any CPU
		{84B6112E-C354-4580-9CCF-BAEF18786745}.Release|Any CPU.Build.0 = Release|Any CPU
		{D60799AC-20B9-46F8-8E32-14286B3EAA60}.Debug|Any CPU.ActiveCfg = Debug|Any CPU
		{D60799AC-20B9-46F8-8E32-14286B3EAA60}.Debug|Any CPU.Build.0 = Debug|Any CPU
		{D60799AC-20B9-46F8-8E32-14286B3EAA60}.Release|Any CPU.ActiveCfg = Release|Any CPU
		{D60799AC-20B9-46F8-8E32-14286B3EAA60}.Release|Any CPU.Build.0 = Release|Any CPU
		{12BDD45E-AF5E-404F-91EC-C2479562D830}.Debug|Any CPU.ActiveCfg = Debug|Any CPU
		{12BDD45E-AF5E-404F-91EC-C2479562D830}.Debug|Any CPU.Build.0 = Debug|Any CPU
		{12BDD45E-AF5E-404F-91EC-C2479562D830}.Release|Any CPU.ActiveCfg = Release|Any CPU
		{12BDD45E-AF5E-404F-91EC-C2479562D830}.Release|Any CPU.Build.0 = Release|Any CPU
	EndGlobalSection
	GlobalSection(SolutionProperties) = preSolution
		HideSolutionNode = FALSE
	EndGlobalSection
	GlobalSection(ExtensibilityGlobals) = postSolution
		SolutionGuid = {E76E4CDB-7852-4504-9AD0-CD830E72D778}
	EndGlobalSection
EndGlobal
